
Microsoft Visual Studio Solution File, Format Version 12.00
# Visual Studio Version 17
VisualStudioVersion = 17.8.34330.188
MinimumVisualStudioVersion = 10.0.40219.1
Project("{FAE04EC0-301F-11D3-BF4B-00C04F79EFBC}") = "ComputerWishlist.Server", "ComputerWishlist.Server\ComputerWishlist.Server.csproj", "{53DEDA1E-347A-4C88-9DBC-DA258221998B}"
EndProject
Project("{54A90642-561A-4BB1-A94E-469ADEE60C69}") = "computerwishlist.client", "computerwishlist.client\computerwishlist.client.esproj", "{8BE22B73-F8B5-4A81-AF22-1F677F02163D}"
EndProject
Project("{FAE04EC0-301F-11D3-BF4B-00C04F79EFBC}") = "CumputerWishlist.Data", "CumputerWishlist.Data\CumputerWishlist.Data.csproj", "{584F5321-2733-41A2-B632-50931D375E32}"
EndProject
Project("{FAE04EC0-301F-11D3-BF4B-00C04F79EFBC}") = "ComputerWishlist.BusinessObjects", "ComputerWishlist.BusinessObjects\ComputerWishlist.BusinessObjects.csproj", "{55CB0480-D324-4499-9361-1C9ABC3BC38F}"
EndProject
Global
	GlobalSection(SolutionConfigurationPlatforms) = preSolution
		Debug|Any CPU = Debug|Any CPU
		Release|Any CPU = Release|Any CPU
	EndGlobalSection
	GlobalSection(ProjectConfigurationPlatforms) = postSolution
		{53DEDA1E-347A-4C88-9DBC-DA258221998B}.Debug|Any CPU.ActiveCfg = Debug|Any CPU
		{53DEDA1E-347A-4C88-9DBC-DA258221998B}.Debug|Any CPU.Build.0 = Debug|Any CPU
		{53DEDA1E-347A-4C88-9DBC-DA258221998B}.Release|Any CPU.ActiveCfg = Release|Any CPU
		{53DEDA1E-347A-4C88-9DBC-DA258221998B}.Release|Any CPU.Build.0 = Release|Any CPU
		{8BE22B73-F8B5-4A81-AF22-1F677F02163D}.Debug|Any CPU.ActiveCfg = Debug|Any CPU
		{8BE22B73-F8B5-4A81-AF22-1F677F02163D}.Debug|Any CPU.Build.0 = Debug|Any CPU
		{8BE22B73-F8B5-4A81-AF22-1F677F02163D}.Debug|Any CPU.Deploy.0 = Debug|Any CPU
		{8BE22B73-F8B5-4A81-AF22-1F677F02163D}.Release|Any CPU.ActiveCfg = Release|Any CPU
		{8BE22B73-F8B5-4A81-AF22-1F677F02163D}.Release|Any CPU.Build.0 = Release|Any CPU
		{8BE22B73-F8B5-4A81-AF22-1F677F02163D}.Release|Any CPU.Deploy.0 = Release|Any CPU
		{584F5321-2733-41A2-B632-50931D375E32}.Debug|Any CPU.ActiveCfg = Debug|Any CPU
		{584F5321-2733-41A2-B632-50931D375E32}.Debug|Any CPU.Build.0 = Debug|Any CPU
		{584F5321-2733-41A2-B632-50931D375E32}.Release|Any CPU.ActiveCfg = Release|Any CPU
		{584F5321-2733-41A2-B632-50931D375E32}.Release|Any CPU.Build.0 = Release|Any CPU
		{55CB0480-D324-4499-9361-1C9ABC3BC38F}.Debug|Any CPU.ActiveCfg = Debug|Any CPU
		{55CB0480-D324-4499-9361-1C9ABC3BC38F}.Debug|Any CPU.Build.0 = Debug|Any CPU
		{55CB0480-D324-4499-9361-1C9ABC3BC38F}.Release|Any CPU.ActiveCfg = Release|Any CPU
		{55CB0480-D324-4499-9361-1C9ABC3BC38F}.Release|Any CPU.Build.0 = Release|Any CPU
	EndGlobalSection
	GlobalSection(SolutionProperties) = preSolution
		HideSolutionNode = FALSE
	EndGlobalSection
	GlobalSection(ExtensibilityGlobals) = postSolution
		SolutionGuid = {721FFA14-B841-4C58-BABD-F7DFFC7FA334}
	EndGlobalSection
EndGlobal
